
Microsoft Visual Studio Solution File, Format Version 12.00
# Visual Studio Version 17
VisualStudioVersion = 17.7.34302.85
MinimumVisualStudioVersion = 10.0.40219.1
Project("{FAE04EC0-301F-11D3-BF4B-00C04F79EFBC}") = "TDTUAbsenceReportingManagement", "TDTUAbsenceReportingManagement.csproj", "{DDC4339D-BE38-4917-A4E3-41765694EA7A}"
EndProject
Global
	GlobalSection(SolutionConfigurationPlatforms) = preSolution
		Debug|Any CPU = Debug|Any CPU
		Release|Any CPU = Release|Any CPU
	EndGlobalSection
	GlobalSection(ProjectConfigurationPlatforms) = postSolution
		{DDC4339D-BE38-4917-A4E3-41765694EA7A}.Debug|Any CPU.ActiveCfg = Debug|Any CPU
		{DDC4339D-BE38-4917-A4E3-41765694EA7A}.Debug|Any CPU.Build.0 = Debug|Any CPU
		{DDC4339D-BE38-4917-A4E3-41765694EA7A}.Release|Any CPU.ActiveCfg = Release|Any CPU
		{DDC4339D-BE38-4917-A4E3-41765694EA7A}.Release|Any CPU.Build.0 = Release|Any CPU
	EndGlobalSection
	GlobalSection(SolutionProperties) = preSolution
		HideSolutionNode = FALSE
	EndGlobalSection
	GlobalSection(ExtensibilityGlobals) = postSolution
		SolutionGuid = {42371613-C828-41B2-95B1-D2385016BCDF}
	EndGlobalSection
EndGlobal
